
Microsoft Visual Studio Solution File, Format Version 12.00
Project("{FAE04EC0-301F-11D3-BF4B-00C04F79EFBC}") = "SoftTechChallenge", "SoftTechChallenge\SoftTechChallenge.csproj", "{9F662C47-9599-450F-9962-1033C11CAC69}"
EndProject
Project("{2150E333-8FDC-42A3-9474-1A3956D46DE8}") = "Solution Items", "Solution Items", "{DB9EC016-6148-47D0-9FAD-0306C48989E1}"
	ProjectSection(SolutionItems) = preProject
		compose.yaml = compose.yaml
	EndProjectSection
EndProject
Global
	GlobalSection(SolutionConfigurationPlatforms) = preSolution
		Debug|Any CPU = Debug|Any CPU
		Release|Any CPU = Release|Any CPU
	EndGlobalSection
	GlobalSection(ProjectConfigurationPlatforms) = postSolution
		{9F662C47-9599-450F-9962-1033C11CAC69}.Debug|Any CPU.ActiveCfg = Debug|Any CPU
		{9F662C47-9599-450F-9962-1033C11CAC69}.Debug|Any CPU.Build.0 = Debug|Any CPU
		{9F662C47-9599-450F-9962-1033C11CAC69}.Release|Any CPU.ActiveCfg = Release|Any CPU
		{9F662C47-9599-450F-9962-1033C11CAC69}.Release|Any CPU.Build.0 = Release|Any CPU
	EndGlobalSection
EndGlobal
